
Microsoft Visual Studio Solution File, Format Version 12.00
# Visual Studio Version 17
VisualStudioVersion = 17.3.32819.101
MinimumVisualStudioVersion = 10.0.40219.1
Project("{FAE04EC0-301F-11D3-BF4B-00C04F79EFBC}") = "oop class", "oop class\oop class.csproj", "{0D952181-6CB2-407F-BA2E-F0AE3D2AC774}"
	ProjectSection(ProjectDependencies) = postProject
		{ED677D6F-4561-461E-BFDF-F5A9B9C07458} = {ED677D6F-4561-461E-BFDF-F5A9B9C07458}
	EndProjectSection
EndProject
Project("{FAE04EC0-301F-11D3-BF4B-00C04F79EFBC}") = "oop class test", "oop class test\oop class test.csproj", "{ED677D6F-4561-461E-BFDF-F5A9B9C07458}"
EndProject
Global
	GlobalSection(SolutionConfigurationPlatforms) = preSolution
		Debug|Any CPU = Debug|Any CPU
		Release|Any CPU = Release|Any CPU
	EndGlobalSection
	GlobalSection(ProjectConfigurationPlatforms) = postSolution
		{0D952181-6CB2-407F-BA2E-F0AE3D2AC774}.Debug|Any CPU.ActiveCfg = Debug|Any CPU
		{0D952181-6CB2-407F-BA2E-F0AE3D2AC774}.Debug|Any CPU.Build.0 = Debug|Any CPU
		{0D952181-6CB2-407F-BA2E-F0AE3D2AC774}.Release|Any CPU.ActiveCfg = Release|Any CPU
		{0D952181-6CB2-407F-BA2E-F0AE3D2AC774}.Release|Any CPU.Build.0 = Release|Any CPU
		{ED677D6F-4561-461E-BFDF-F5A9B9C07458}.Debug|Any CPU.ActiveCfg = Debug|Any CPU
		{ED677D6F-4561-461E-BFDF-F5A9B9C07458}.Debug|Any CPU.Build.0 = Debug|Any CPU
		{ED677D6F-4561-461E-BFDF-F5A9B9C07458}.Release|Any CPU.ActiveCfg = Release|Any CPU
		{ED677D6F-4561-461E-BFDF-F5A9B9C07458}.Release|Any CPU.Build.0 = Release|Any CPU
	EndGlobalSection
	GlobalSection(SolutionProperties) = preSolution
		HideSolutionNode = FALSE
	EndGlobalSection
	GlobalSection(ExtensibilityGlobals) = postSolution
		SolutionGuid = {7E63EAED-58D2-4206-B94B-E2349F63F5C1}
	EndGlobalSection
EndGlobal
